
Microsoft Visual Studio Solution File, Format Version 12.00
# Visual Studio Version 17
VisualStudioVersion = 17.14.36623.8 d17.14
MinimumVisualStudioVersion = 10.0.40219.1
Project("{FAE04EC0-301F-11D3-BF4B-00C04F79EFBC}") = "ESCALERA", "ESCALERA.csproj", "{6796976F-52C9-402B-A11D-F09581FD9395}"
EndProject
Global
	GlobalSection(SolutionConfigurationPlatforms) = preSolution
		Debug|Any CPU = Debug|Any CPU
		Release|Any CPU = Release|Any CPU
	EndGlobalSection
	GlobalSection(ProjectConfigurationPlatforms) = postSolution
		{6796976F-52C9-402B-A11D-F09581FD9395}.Debug|Any CPU.ActiveCfg = Debug|Any CPU
		{6796976F-52C9-402B-A11D-F09581FD9395}.Debug|Any CPU.Build.0 = Debug|Any CPU
		{6796976F-52C9-402B-A11D-F09581FD9395}.Release|Any CPU.ActiveCfg = Release|Any CPU
		{6796976F-52C9-402B-A11D-F09581FD9395}.Release|Any CPU.Build.0 = Release|Any CPU
	EndGlobalSection
	GlobalSection(SolutionProperties) = preSolution
		HideSolutionNode = FALSE
	EndGlobalSection
	GlobalSection(ExtensibilityGlobals) = postSolution
		SolutionGuid = {7DE94EEA-4B3C-4A6C-8516-591A45C81BDC}
	EndGlobalSection
EndGlobal
